{
  "version": 4,
  "terraform_version": "0.12.21",
  "serial": 1,
  "lineage": "7a4a83b4-7999-a1f7-c7e7-3e8ef01f38ff",
  "outputs": {},
  "resources": [
    {
      "mode": "managed",
      "type": "aws_instance",
      "name": "example",
      "provider": "provider.aws",
      "instances": [
        {
          "schema_version": 1,
          "attributes": {
            "ami": "ami-07a0844029df33d7d",
            "arn": "arn:aws:ec2:us-east-2:9024334099450u:instance/i-04cf15899e700bae2",
            "associate_public_ip_address": true,
            "availability_zone": "us-east-2b",
            "cpu_core_count": 1,
            "cpu_threads_per_core": 1,
            "credit_specification": [
              {
                "cpu_credits": "standard"
              }
            ],
            "disable_api_termination": false,
            "ebs_block_device": [],
            "ebs_optimized": false,
            "ephemeral_block_device": [],
            "get_password_data": false,
            "hibernation": false,
            "host_id": null,
            "iam_instance_profile": "",
            "id": "i-04cf15899e700bae2",
            "instance_initiated_shutdown_behavior": null,
            "instance_state": "running",
            "instance_type": "t2.micro",
            "ipv6_address_count": 0,
            "ipv6_addresses": [],
            "key_name": "",
            "monitoring": false,
            "network_interface": [],
            "network_interface_id": null,
            "password_data": "",
            "placement_group": "",
            "primary_network_interface_id": "eni-05b495a65b47b6664",
            "private_dns": "ip-172-31-22-67.us-east-2.compute.internal",
            "private_ip": "172.31.22.67",
            "public_dns": "ec2-18-188-72-162.us-east-2.compute.amazonaws.com",
            "public_ip": "18.188.72.162",
            "root_block_device": [
              {
                "delete_on_termination": true,
                "encrypted": false,
                "iops": 100,
                "kms_key_id": "",
                "volume_id": "vol-0e27016798d11aae6",
                "volume_size": 8,
                "volume_type": "gp2"
              }
            ],
            "security_groups": ["default"],
            "source_dest_check": true,
            "subnet_id": "subnet-ef3a7b95",
            "tags": {
              "Name": "My first EC2 using Terraform"
            },
            "tenancy": "default",
            "timeouts": null,
            "user_data": null,
            "user_data_base64": null,
            "volume_tags": {},
            "vpc_security_group_ids": ["sg-ae6b1ece"]
          },
          "private": "eyJlMmJmYjczMC1lY2FhLTExZTYtOGY4OC0zNDM2M2JjN2M0YzAiOnsiY3JlYXRlIjo2MDAwMDAwMDAwMDAsImRlbGV0ZSI6MTIwMDAwMDAwMDAwMCwidXBkYXRlIjo2MDAwMDAwMDAwMDB9LCJzY2hlbWFfdmVyc2lvbiI6IjEifQ=="
        }
      ]
    }
  ]
}
